// !$*UTF8*$!
{
	archiveVersion = 1;
	classes = {
	};
	objectVersion = 46;
	objects = {

/* Begin PBXBuildFile section */
		842DF5521BA9D01000DA3731 /* AppDelegate.swift in Sources */ = {isa = PBXBuildFile; fileRef = 842DF5511BA9D01000DA3731 /* AppDelegate.swift */; };
		842DF5541BA9D01000DA3731 /* MasterViewController.swift in Sources */ = {isa = PBXBuildFile; fileRef = 842DF5531BA9D01000DA3731 /* MasterViewController.swift */; };
		842DF5591BA9D01000DA3731 /* Main.storyboard in Resources */ = {isa = PBXBuildFile; fileRef = 842DF5571BA9D01000DA3731 /* Main.storyboard */; };
		842DF55B1BA9D01000DA3731 /* Assets.xcassets in Resources */ = {isa = PBXBuildFile; fileRef = 842DF55A1BA9D01000DA3731 /* Assets.xcassets */; };
		842DF55E1BA9D01000DA3731 /* LaunchScreen.storyboard in Resources */ = {isa = PBXBuildFile; fileRef = 842DF55C1BA9D01000DA3731 /* LaunchScreen.storyboard */; };
		842DF5661BA9D67A00DA3731 /* Array+Shuffling.swift in Sources */ = {isa = PBXBuildFile; fileRef = 842DF5651BA9D67A00DA3731 /* Array+Shuffling.swift */; settings = {ASSET_TAGS = (); }; };
		842DF5691BA9D6B700DA3731 /* start.txt in Resources */ = {isa = PBXBuildFile; fileRef = 842DF5681BA9D6B700DA3731 /* start.txt */; settings = {ASSET_TAGS = (); }; };
/* End PBXBuildFile section */

/* Begin PBXFileReference section */
		842DF54E1BA9D01000DA3731 /* Project5.app */ = {isa = PBXFileReference; explicitFileType = wrapper.application; includeInIndex = 0; path = Project5.app; sourceTree = BUILT_PRODUCTS_DIR; };
		842DF5511BA9D01000DA3731 /* AppDelegate.swift */ = {isa = PBXFileReference; lastKnownFileType = sourcecode.swift; path = AppDelegate.swift; sourceTree = "<group>"; };
		842DF5531BA9D01000DA3731 /* MasterViewController.swift */ = {isa = PBXFileReference; lastKnownFileType = sourcecode.swift; path = MasterViewController.swift; sourceTree = "<group>"; };
		842DF5581BA9D01000DA3731 /* Base */ = {isa = PBXFileReference; lastKnownFileType = file.storyboard; name = Base; path = Base.lproj/Main.storyboard; sourceTree = "<group>"; };
		842DF55A1BA9D01000DA3731 /* Assets.xcassets */ = {isa = PBXFileReference; lastKnownFileType = folder.assetcatalog; path = Assets.xcassets; sourceTree = "<group>"; };
		842DF55D1BA9D01000DA3731 /* Base */ = {isa = PBXFileReference; lastKnownFileType = file.storyboard; name = Base; path = Base.lproj/LaunchScreen.storyboard; sourceTree = "<group>"; };
		842DF55F1BA9D01000DA3731 /* Info.plist */ = {isa = PBXFileReference; lastKnownFileType = text.plist.xml; path = Info.plist; sourceTree = "<group>"; };
		842DF5651BA9D67A00DA3731 /* Array+Shuffling.swift */ = {isa = PBXFileReference; fileEncoding = 4; lastKnownFileType = sourcecode.swift; path = "Array+Shuffling.swift"; sourceTree = "<group>"; };
		842DF5681BA9D6B700DA3731 /* start.txt */ = {isa = PBXFileReference; fileEncoding = 4; lastKnownFileType = text; path = start.txt; sourceTree = "<group>"; };
/* End PBXFileReference section */

/* Begin PBXFrameworksBuildPhase section */
		842DF54B1BA9D01000DA3731 /* Frameworks */ = {
			isa = PBXFrameworksBuildPhase;
			buildActionMask = 2147483647;
			files = (
			);
			runOnlyForDeploymentPostprocessing = 0;
		};
/* End PBXFrameworksBuildPhase section */

/* Begin PBXGroup section */
		842DF5451BA9D01000DA3731 = {
			isa = PBXGroup;
			children = (
				842DF5501BA9D01000DA3731 /* Project5 */,
				842DF54F1BA9D01000DA3731 /* Products */,
			);
			sourceTree = "<group>";
		};
		842DF54F1BA9D01000DA3731 /* Products */ = {
			isa = PBXGroup;
			children = (
				842DF54E1BA9D01000DA3731 /* Project5.app */,
			);
			name = Products;
			sourceTree = "<group>";
		};
		842DF5501BA9D01000DA3731 /* Project5 */ = {
			isa = PBXGroup;
			children = (
				842DF5671BA9D6B700DA3731 /* Content */,
				842DF5651BA9D67A00DA3731 /* Array+Shuffling.swift */,
				842DF5511BA9D01000DA3731 /* AppDelegate.swift */,
				842DF5531BA9D01000DA3731 /* MasterViewController.swift */,
				842DF5571BA9D01000DA3731 /* Main.storyboard */,
				842DF55A1BA9D01000DA3731 /* Assets.xcassets */,
				842DF55C1BA9D01000DA3731 /* LaunchScreen.storyboard */,
				842DF55F1BA9D01000DA3731 /* Info.plist */,
			);
			path = Project5;
			sourceTree = "<group>";
		};
		842DF5671BA9D6B700DA3731 /* Content */ = {
			isa = PBXGroup;
			children = (
				842DF5681BA9D6B700DA3731 /* start.txt */,
			);
			path = Content;
			sourceTree = "<group>";
		};
/* End PBXGroup section */

/* Begin PBXNativeTarget section */
		842DF54D1BA9D01000DA3731 /* Project5 */ = {
			isa = PBXNativeTarget;
			buildConfigurationList = 842DF5621BA9D01000DA3731 /* Build configuration list for PBXNativeTarget "Project5" */;
			buildPhases = (
				842DF54A1BA9D01000DA3731 /* Sources */,
				842DF54B1BA9D01000DA3731 /* Frameworks */,
				842DF54C1BA9D01000DA3731 /* Resources */,
			);
			buildRules = (
			);
			dependencies = (
			);
			name = Project5;
			productName = Project5;
			productReference = 842DF54E1BA9D01000DA3731 /* Project5.app */;
			productType = "com.apple.product-type.application";
		};
/* End PBXNativeTarget section */

/* Begin PBXProject section */
		842DF5461BA9D01000DA3731 /* Project object */ = {
			isa = PBXProject;
			attributes = {
				LastUpgradeCheck = 0700;
				ORGANIZATIONNAME = "Joe Averbukh";
				TargetAttributes = {
					842DF54D1BA9D01000DA3731 = {
						CreatedOnToolsVersion = 7.0;
					};
				};
			};
			buildConfigurationList = 842DF5491BA9D01000DA3731 /* Build configuration list for PBXProject "Project5" */;
			compatibilityVersion = "Xcode 3.2";
			developmentRegion = English;
			hasScannedForEncodings = 0;
			knownRegions = (
				en,
				Base,
			);
			mainGroup = 842DF5451BA9D01000DA3731;
			productRefGroup = 842DF54F1BA9D01000DA3731 /* Products */;
			projectDirPath = "";
			projectRoot = "";
			targets = (
				842DF54D1BA9D01000DA3731 /* Project5 */,
			);
		};
/* End PBXProject section */

/* Begin PBXResourcesBuildPhase section */
		842DF54C1BA9D01000DA3731 /* Resources */ = {
			isa = PBXResourcesBuildPhase;
			buildActionMask = 2147483647;
			files = (
				842DF55E1BA9D01000DA3731 /* LaunchScreen.storyboard in Resources */,
				842DF5691BA9D6B700DA3731 /* start.txt in Resources */,
				842DF55B1BA9D01000DA3731 /* Assets.xcassets in Resources */,
				842DF5591BA9D01000DA3731 /* Main.storyboard in Resources */,
			);
			runOnlyForDeploymentPostprocessing = 0;
		};
/* End PBXResourcesBuildPhase section */

/* Begin PBXSourcesBuildPhase section */
		842DF54A1BA9D01000DA3731 /* Sources */ = {
			isa = PBXSourcesBuildPhase;
			buildActionMask = 2147483647;
			files = (
				842DF5541BA9D01000DA3731 /* MasterViewController.swift in Sources */,
				842DF5521BA9D01000DA3731 /* AppDelegate.swift in Sources */,
				842DF5661BA9D67A00DA3731 /* Array+Shuffling.swift in Sources */,
			);
			runOnlyForDeploymentPostprocessing = 0;
		};
/* End PBXSourcesBuildPhase section */

/* Begin PBXVariantGroup section */
		842DF5571BA9D01000DA3731 /* Main.storyboard */ = {
			isa = PBXVariantGroup;
			children = (
				842DF5581BA9D01000DA3731 /* Base */,
			);
			name = Main.storyboard;
			sourceTree = "<group>";
		};
		842DF55C1BA9D01000DA3731 /* LaunchScreen.storyboard */ = {
			isa = PBXVariantGroup;
			children = (
				842DF55D1BA9D01000DA3731 /* Base */,
			);
			name = LaunchScreen.storyboard;
			sourceTree = "<group>";
		};
/* End PBXVariantGroup section */

/* Begin XCBuildConfiguration section */
		842DF5601BA9D01000DA3731 /* Debug */ = {
			isa = XCBuildConfiguration;
			buildSettings = {
				ALWAYS_SEARCH_USER_PATHS = NO;
				CLANG_CXX_LANGUAGE_STANDARD = "gnu++0x";
				CLANG_CXX_LIBRARY = "libc++";
				CLANG_ENABLE_MODULES = YES;
				CLANG_ENABLE_OBJC_ARC = YES;
				CLANG_WARN_BOOL_CONVERSION = YES;
				CLANG_WARN_CONSTANT_CONVERSION = YES;
				CLANG_WARN_DIRECT_OBJC_ISA_USAGE = YES_ERROR;
				CLANG_WARN_EMPTY_BODY = YES;
				CLANG_WARN_ENUM_CONVERSION = YES;
				CLANG_WARN_INT_CONVERSION = YES;
				CLANG_WARN_OBJC_ROOT_CLASS = YES_ERROR;
				CLANG_WARN_UNREACHABLE_CODE = YES;
				CLANG_WARN__DUPLICATE_METHOD_MATCH = YES;
				"CODE_SIGN_IDENTITY[sdk=iphoneos*]" = "iPhone Developer";
				COPY_PHASE_STRIP = NO;
				DEBUG_INFORMATION_FORMAT = dwarf;
				ENABLE_STRICT_OBJC_MSGSEND = YES;
				ENABLE_TESTABILITY = YES;
				GCC_C_LANGUAGE_STANDARD = gnu99;
				GCC_DYNAMIC_NO_PIC = NO;
				GCC_NO_COMMON_BLOCKS = YES;
				GCC_OPTIMIZATION_LEVEL = 0;
				GCC_PREPROCESSOR_DEFINITIONS = (
					"DEBUG=1",
					"$(inherited)",
				);
				GCC_WARN_64_TO_32_BIT_CONVERSION = YES;
				GCC_WARN_ABOUT_RETURN_TYPE = YES_ERROR;
				GCC_WARN_UNDECLARED_SELECTOR = YES;
				GCC_WARN_UNINITIALIZED_AUTOS = YES_AGGRESSIVE;
				GCC_WARN_UNUSED_FUNCTION = YES;
				GCC_WARN_UNUSED_VARIABLE = YES;
				IPHONEOS_DEPLOYMENT_TARGET = 9.0;
				MTL_ENABLE_DEBUG_INFO = YES;
				ONLY_ACTIVE_ARCH = YES;
				SDKROOT = iphoneos;
				SWIFT_OPTIMIZATION_LEVEL = "-Onone";
			};
			name = Debug;
		};
		842DF5611BA9D01000DA3731 /* Release */ = {
			isa = XCBuildConfiguration;
			buildSettings = {
				ALWAYS_SEARCH_USER_PATHS = NO;
				CLANG_CXX_LANGUAGE_STANDARD = "gnu++0x";
				CLANG_CXX_LIBRARY = "libc++";
				CLANG_ENABLE_MODULES = YES;
				CLANG_ENABLE_OBJC_ARC = YES;
				CLANG_WARN_BOOL_CONVERSION = YES;
				CLANG_WARN_CONSTANT_CONVERSION = YES;
				CLANG_WARN_DIRECT_OBJC_ISA_USAGE = YES_ERROR;
				CLANG_WARN_EMPTY_BODY = YES;
				CLANG_WARN_ENUM_CONVERSION = YES;
				CLANG_WARN_INT_CONVERSION = YES;
				CLANG_WARN_OBJC_ROOT_CLASS = YES_ERROR;
				CLANG_WARN_UNREACHABLE_CODE = YES;
				CLANG_WARN__DUPLICATE_METHOD_MATCH = YES;
				"CODE_SIGN_IDENTITY[sdk=iphoneos*]" = "iPhone Developer";
				COPY_PHASE_STRIP = NO;
				DEBUG_INFORMATION_FORMAT = "dwarf-with-dsym";
				ENABLE_NS_ASSERTIONS = NO;
				ENABLE_STRICT_OBJC_MSGSEND = YES;
				GCC_C_LANGUAGE_STANDARD = gnu99;
				GCC_NO_COMMON_BLOCKS = YES;
				GCC_WARN_64_TO_32_BIT_CONVERSION = YES;
				GCC_WARN_ABOUT_RETURN_TYPE = YES_ERROR;
				GCC_WARN_UNDECLARED_SELECTOR = YES;
				GCC_WARN_UNINITIALIZED_AUTOS = YES_AGGRESSIVE;
				GCC_WARN_UNUSED_FUNCTION = YES;
				GCC_WARN_UNUSED_VARIABLE = YES;
				IPHONEOS_DEPLOYMENT_TARGET = 9.0;
				MTL_ENABLE_DEBUG_INFO = NO;
				SDKROOT = iphoneos;
				VALIDATE_PRODUCT = YES;
			};
			name = Release;
		};
		842DF5631BA9D01000DA3731 /* Debug */ = {
			isa = XCBuildConfiguration;
			buildSettings = {
				ASSETCATALOG_COMPILER_APPICON_NAME = AppIcon;
				INFOPLIST_FILE = Project5/Info.plist;
				LD_RUNPATH_SEARCH_PATHS = "$(inherited) @executable_path/Frameworks";
				PRODUCT_BUNDLE_IDENTIFIER = com.example.Project5;
				PRODUCT_NAME = "$(TARGET_NAME)";
			};
			name = Debug;
		};
		842DF5641BA9D01000DA3731 /* Release */ = {
			isa = XCBuildConfiguration;
			buildSettings = {
				ASSETCATALOG_COMPILER_APPICON_NAME = AppIcon;
				INFOPLIST_FILE = Project5/Info.plist;
				LD_RUNPATH_SEARCH_PATHS = "$(inherited) @executable_path/Frameworks";
				PRODUCT_BUNDLE_IDENTIFIER = com.example.Project5;
				PRODUCT_NAME = "$(TARGET_NAME)";
			};
			name = Release;
		};
/* End XCBuildConfiguration section */

/* Begin XCConfigurationList section */
		842DF5491BA9D01000DA3731 /* Build configuration list for PBXProject "Project5" */ = {
			isa = XCConfigurationList;
			buildConfigurations = (
				842DF5601BA9D01000DA3731 /* Debug */,
				842DF5611BA9D01000DA3731 /* Release */,
			);
			defaultConfigurationIsVisible = 0;
			defaultConfigurationName = Release;
		};
		842DF5621BA9D01000DA3731 /* Build configuration list for PBXNativeTarget "Project5" */ = {
			isa = XCConfigurationList;
			buildConfigurations = (
				842DF5631BA9D01000DA3731 /* Debug */,
				842DF5641BA9D01000DA3731 /* Release */,
			);
			defaultConfigurationIsVisible = 0;
		};
/* End XCConfigurationList section */
	};
	rootObject = 842DF5461BA9D01000DA3731 /* Project object */;
}
