// !$*UTF8*$!
{
	archiveVersion = 1;
	classes = {
	};
	objectVersion = 46;
	objects = {

/* Begin PBXBuildFile section */
		84536A171BA793A100D31D4A /* AppDelegate.swift in Sources */ = {isa = PBXBuildFile; fileRef = 84536A161BA793A100D31D4A /* AppDelegate.swift */; };
		84536A191BA793A100D31D4A /* ViewController.swift in Sources */ = {isa = PBXBuildFile; fileRef = 84536A181BA793A100D31D4A /* ViewController.swift */; };
		84536A1C1BA793A100D31D4A /* Main.storyboard in Resources */ = {isa = PBXBuildFile; fileRef = 84536A1A1BA793A100D31D4A /* Main.storyboard */; };
		84536A1E1BA793A100D31D4A /* Assets.xcassets in Resources */ = {isa = PBXBuildFile; fileRef = 84536A1D1BA793A100D31D4A /* Assets.xcassets */; };
		84536A211BA793A100D31D4A /* LaunchScreen.storyboard in Resources */ = {isa = PBXBuildFile; fileRef = 84536A1F1BA793A100D31D4A /* LaunchScreen.storyboard */; };
		84536A291BA7A31A00D31D4A /* Array+Shuffling.swift in Sources */ = {isa = PBXBuildFile; fileRef = 84536A281BA7A31A00D31D4A /* Array+Shuffling.swift */; settings = {ASSET_TAGS = (); }; };
/* End PBXBuildFile section */

/* Begin PBXFileReference section */
		84536A131BA793A100D31D4A /* Project2.app */ = {isa = PBXFileReference; explicitFileType = wrapper.application; includeInIndex = 0; path = Project2.app; sourceTree = BUILT_PRODUCTS_DIR; };
		84536A161BA793A100D31D4A /* AppDelegate.swift */ = {isa = PBXFileReference; lastKnownFileType = sourcecode.swift; path = AppDelegate.swift; sourceTree = "<group>"; };
		84536A181BA793A100D31D4A /* ViewController.swift */ = {isa = PBXFileReference; lastKnownFileType = sourcecode.swift; path = ViewController.swift; sourceTree = "<group>"; };
		84536A1B1BA793A100D31D4A /* Base */ = {isa = PBXFileReference; lastKnownFileType = file.storyboard; name = Base; path = Base.lproj/Main.storyboard; sourceTree = "<group>"; };
		84536A1D1BA793A100D31D4A /* Assets.xcassets */ = {isa = PBXFileReference; lastKnownFileType = folder.assetcatalog; path = Assets.xcassets; sourceTree = "<group>"; };
		84536A201BA793A100D31D4A /* Base */ = {isa = PBXFileReference; lastKnownFileType = file.storyboard; name = Base; path = Base.lproj/LaunchScreen.storyboard; sourceTree = "<group>"; };
		84536A221BA793A100D31D4A /* Info.plist */ = {isa = PBXFileReference; lastKnownFileType = text.plist.xml; path = Info.plist; sourceTree = "<group>"; };
		84536A281BA7A31A00D31D4A /* Array+Shuffling.swift */ = {isa = PBXFileReference; fileEncoding = 4; lastKnownFileType = sourcecode.swift; path = "Array+Shuffling.swift"; sourceTree = "<group>"; };
/* End PBXFileReference section */

/* Begin PBXFrameworksBuildPhase section */
		84536A101BA793A100D31D4A /* Frameworks */ = {
			isa = PBXFrameworksBuildPhase;
			buildActionMask = 2147483647;
			files = (
			);
			runOnlyForDeploymentPostprocessing = 0;
		};
/* End PBXFrameworksBuildPhase section */

/* Begin PBXGroup section */
		84536A0A1BA793A100D31D4A = {
			isa = PBXGroup;
			children = (
				84536A151BA793A100D31D4A /* Project2 */,
				84536A141BA793A100D31D4A /* Products */,
			);
			sourceTree = "<group>";
		};
		84536A141BA793A100D31D4A /* Products */ = {
			isa = PBXGroup;
			children = (
				84536A131BA793A100D31D4A /* Project2.app */,
			);
			name = Products;
			sourceTree = "<group>";
		};
		84536A151BA793A100D31D4A /* Project2 */ = {
			isa = PBXGroup;
			children = (
				84536A161BA793A100D31D4A /* AppDelegate.swift */,
				84536A181BA793A100D31D4A /* ViewController.swift */,
				84536A281BA7A31A00D31D4A /* Array+Shuffling.swift */,
				84536A1A1BA793A100D31D4A /* Main.storyboard */,
				84536A1D1BA793A100D31D4A /* Assets.xcassets */,
				84536A1F1BA793A100D31D4A /* LaunchScreen.storyboard */,
				84536A221BA793A100D31D4A /* Info.plist */,
			);
			path = Project2;
			sourceTree = "<group>";
		};
/* End PBXGroup section */

/* Begin PBXNativeTarget section */
		84536A121BA793A100D31D4A /* Project2 */ = {
			isa = PBXNativeTarget;
			buildConfigurationList = 84536A251BA793A100D31D4A /* Build configuration list for PBXNativeTarget "Project2" */;
			buildPhases = (
				84536A0F1BA793A100D31D4A /* Sources */,
				84536A101BA793A100D31D4A /* Frameworks */,
				84536A111BA793A100D31D4A /* Resources */,
			);
			buildRules = (
			);
			dependencies = (
			);
			name = Project2;
			productName = Project2;
			productReference = 84536A131BA793A100D31D4A /* Project2.app */;
			productType = "com.apple.product-type.application";
		};
/* End PBXNativeTarget section */

/* Begin PBXProject section */
		84536A0B1BA793A100D31D4A /* Project object */ = {
			isa = PBXProject;
			attributes = {
				LastUpgradeCheck = 0700;
				ORGANIZATIONNAME = "Joe Averbukh";
				TargetAttributes = {
					84536A121BA793A100D31D4A = {
						CreatedOnToolsVersion = 7.0;
					};
				};
			};
			buildConfigurationList = 84536A0E1BA793A100D31D4A /* Build configuration list for PBXProject "Project2" */;
			compatibilityVersion = "Xcode 3.2";
			developmentRegion = English;
			hasScannedForEncodings = 0;
			knownRegions = (
				en,
				Base,
			);
			mainGroup = 84536A0A1BA793A100D31D4A;
			productRefGroup = 84536A141BA793A100D31D4A /* Products */;
			projectDirPath = "";
			projectRoot = "";
			targets = (
				84536A121BA793A100D31D4A /* Project2 */,
			);
		};
/* End PBXProject section */

/* Begin PBXResourcesBuildPhase section */
		84536A111BA793A100D31D4A /* Resources */ = {
			isa = PBXResourcesBuildPhase;
			buildActionMask = 2147483647;
			files = (
				84536A211BA793A100D31D4A /* LaunchScreen.storyboard in Resources */,
				84536A1E1BA793A100D31D4A /* Assets.xcassets in Resources */,
				84536A1C1BA793A100D31D4A /* Main.storyboard in Resources */,
			);
			runOnlyForDeploymentPostprocessing = 0;
		};
/* End PBXResourcesBuildPhase section */

/* Begin PBXSourcesBuildPhase section */
		84536A0F1BA793A100D31D4A /* Sources */ = {
			isa = PBXSourcesBuildPhase;
			buildActionMask = 2147483647;
			files = (
				84536A191BA793A100D31D4A /* ViewController.swift in Sources */,
				84536A171BA793A100D31D4A /* AppDelegate.swift in Sources */,
				84536A291BA7A31A00D31D4A /* Array+Shuffling.swift in Sources */,
			);
			runOnlyForDeploymentPostprocessing = 0;
		};
/* End PBXSourcesBuildPhase section */

/* Begin PBXVariantGroup section */
		84536A1A1BA793A100D31D4A /* Main.storyboard */ = {
			isa = PBXVariantGroup;
			children = (
				84536A1B1BA793A100D31D4A /* Base */,
			);
			name = Main.storyboard;
			sourceTree = "<group>";
		};
		84536A1F1BA793A100D31D4A /* LaunchScreen.storyboard */ = {
			isa = PBXVariantGroup;
			children = (
				84536A201BA793A100D31D4A /* Base */,
			);
			name = LaunchScreen.storyboard;
			sourceTree = "<group>";
		};
/* End PBXVariantGroup section */

/* Begin XCBuildConfiguration section */
		84536A231BA793A100D31D4A /* Debug */ = {
			isa = XCBuildConfiguration;
			buildSettings = {
				ALWAYS_SEARCH_USER_PATHS = NO;
				CLANG_CXX_LANGUAGE_STANDARD = "gnu++0x";
				CLANG_CXX_LIBRARY = "libc++";
				CLANG_ENABLE_MODULES = YES;
				CLANG_ENABLE_OBJC_ARC = YES;
				CLANG_WARN_BOOL_CONVERSION = YES;
				CLANG_WARN_CONSTANT_CONVERSION = YES;
				CLANG_WARN_DIRECT_OBJC_ISA_USAGE = YES_ERROR;
				CLANG_WARN_EMPTY_BODY = YES;
				CLANG_WARN_ENUM_CONVERSION = YES;
				CLANG_WARN_INT_CONVERSION = YES;
				CLANG_WARN_OBJC_ROOT_CLASS = YES_ERROR;
				CLANG_WARN_UNREACHABLE_CODE = YES;
				CLANG_WARN__DUPLICATE_METHOD_MATCH = YES;
				"CODE_SIGN_IDENTITY[sdk=iphoneos*]" = "iPhone Developer";
				COPY_PHASE_STRIP = NO;
				DEBUG_INFORMATION_FORMAT = dwarf;
				ENABLE_STRICT_OBJC_MSGSEND = YES;
				ENABLE_TESTABILITY = YES;
				GCC_C_LANGUAGE_STANDARD = gnu99;
				GCC_DYNAMIC_NO_PIC = NO;
				GCC_NO_COMMON_BLOCKS = YES;
				GCC_OPTIMIZATION_LEVEL = 0;
				GCC_PREPROCESSOR_DEFINITIONS = (
					"DEBUG=1",
					"$(inherited)",
				);
				GCC_WARN_64_TO_32_BIT_CONVERSION = YES;
				GCC_WARN_ABOUT_RETURN_TYPE = YES_ERROR;
				GCC_WARN_UNDECLARED_SELECTOR = YES;
				GCC_WARN_UNINITIALIZED_AUTOS = YES_AGGRESSIVE;
				GCC_WARN_UNUSED_FUNCTION = YES;
				GCC_WARN_UNUSED_VARIABLE = YES;
				IPHONEOS_DEPLOYMENT_TARGET = 9.0;
				MTL_ENABLE_DEBUG_INFO = YES;
				ONLY_ACTIVE_ARCH = YES;
				SDKROOT = iphoneos;
				SWIFT_OPTIMIZATION_LEVEL = "-Onone";
			};
			name = Debug;
		};
		84536A241BA793A100D31D4A /* Release */ = {
			isa = XCBuildConfiguration;
			buildSettings = {
				ALWAYS_SEARCH_USER_PATHS = NO;
				CLANG_CXX_LANGUAGE_STANDARD = "gnu++0x";
				CLANG_CXX_LIBRARY = "libc++";
				CLANG_ENABLE_MODULES = YES;
				CLANG_ENABLE_OBJC_ARC = YES;
				CLANG_WARN_BOOL_CONVERSION = YES;
				CLANG_WARN_CONSTANT_CONVERSION = YES;
				CLANG_WARN_DIRECT_OBJC_ISA_USAGE = YES_ERROR;
				CLANG_WARN_EMPTY_BODY = YES;
				CLANG_WARN_ENUM_CONVERSION = YES;
				CLANG_WARN_INT_CONVERSION = YES;
				CLANG_WARN_OBJC_ROOT_CLASS = YES_ERROR;
				CLANG_WARN_UNREACHABLE_CODE = YES;
				CLANG_WARN__DUPLICATE_METHOD_MATCH = YES;
				"CODE_SIGN_IDENTITY[sdk=iphoneos*]" = "iPhone Developer";
				COPY_PHASE_STRIP = NO;
				DEBUG_INFORMATION_FORMAT = "dwarf-with-dsym";
				ENABLE_NS_ASSERTIONS = NO;
				ENABLE_STRICT_OBJC_MSGSEND = YES;
				GCC_C_LANGUAGE_STANDARD = gnu99;
				GCC_NO_COMMON_BLOCKS = YES;
				GCC_WARN_64_TO_32_BIT_CONVERSION = YES;
				GCC_WARN_ABOUT_RETURN_TYPE = YES_ERROR;
				GCC_WARN_UNDECLARED_SELECTOR = YES;
				GCC_WARN_UNINITIALIZED_AUTOS = YES_AGGRESSIVE;
				GCC_WARN_UNUSED_FUNCTION = YES;
				GCC_WARN_UNUSED_VARIABLE = YES;
				IPHONEOS_DEPLOYMENT_TARGET = 9.0;
				MTL_ENABLE_DEBUG_INFO = NO;
				SDKROOT = iphoneos;
				VALIDATE_PRODUCT = YES;
			};
			name = Release;
		};
		84536A261BA793A100D31D4A /* Debug */ = {
			isa = XCBuildConfiguration;
			buildSettings = {
				ASSETCATALOG_COMPILER_APPICON_NAME = AppIcon;
				INFOPLIST_FILE = Project2/Info.plist;
				LD_RUNPATH_SEARCH_PATHS = "$(inherited) @executable_path/Frameworks";
				PRODUCT_BUNDLE_IDENTIFIER = com.example.Project2;
				PRODUCT_NAME = "$(TARGET_NAME)";
			};
			name = Debug;
		};
		84536A271BA793A100D31D4A /* Release */ = {
			isa = XCBuildConfiguration;
			buildSettings = {
				ASSETCATALOG_COMPILER_APPICON_NAME = AppIcon;
				INFOPLIST_FILE = Project2/Info.plist;
				LD_RUNPATH_SEARCH_PATHS = "$(inherited) @executable_path/Frameworks";
				PRODUCT_BUNDLE_IDENTIFIER = com.example.Project2;
				PRODUCT_NAME = "$(TARGET_NAME)";
			};
			name = Release;
		};
/* End XCBuildConfiguration section */

/* Begin XCConfigurationList section */
		84536A0E1BA793A100D31D4A /* Build configuration list for PBXProject "Project2" */ = {
			isa = XCConfigurationList;
			buildConfigurations = (
				84536A231BA793A100D31D4A /* Debug */,
				84536A241BA793A100D31D4A /* Release */,
			);
			defaultConfigurationIsVisible = 0;
			defaultConfigurationName = Release;
		};
		84536A251BA793A100D31D4A /* Build configuration list for PBXNativeTarget "Project2" */ = {
			isa = XCConfigurationList;
			buildConfigurations = (
				84536A261BA793A100D31D4A /* Debug */,
				84536A271BA793A100D31D4A /* Release */,
			);
			defaultConfigurationIsVisible = 0;
		};
/* End XCConfigurationList section */
	};
	rootObject = 84536A0B1BA793A100D31D4A /* Project object */;
}
